
Microsoft Visual Studio Solution File, Format Version 12.00
# Visual Studio 15
VisualStudioVersion = 15.0.26730.12
MinimumVisualStudioVersion = 10.0.40219.1
Project("{FAE04EC0-301F-11D3-BF4B-00C04F79EFBC}") = "Lester_Alistair_set09102", "Lester_Alistair_set09102\Lester_Alistair_set09102.csproj", "{93DA5329-2E0A-4FA9-AD58-3152B99074B3}"
EndProject
Global
	GlobalSection(SolutionConfigurationPlatforms) = preSolution
		Debug|Any CPU = Debug|Any CPU
		Release|Any CPU = Release|Any CPU
	EndGlobalSection
	GlobalSection(ProjectConfigurationPlatforms) = postSolution
		{93DA5329-2E0A-4FA9-AD58-3152B99074B3}.Debug|Any CPU.ActiveCfg = Debug|Any CPU
		{93DA5329-2E0A-4FA9-AD58-3152B99074B3}.Debug|Any CPU.Build.0 = Debug|Any CPU
		{93DA5329-2E0A-4FA9-AD58-3152B99074B3}.Release|Any CPU.ActiveCfg = Release|Any CPU
		{93DA5329-2E0A-4FA9-AD58-3152B99074B3}.Release|Any CPU.Build.0 = Release|Any CPU
	EndGlobalSection
	GlobalSection(SolutionProperties) = preSolution
		HideSolutionNode = FALSE
	EndGlobalSection
	GlobalSection(ExtensibilityGlobals) = postSolution
		SolutionGuid = {A822ED36-BF5B-4DCA-9F15-60C75DC7F26A}
	EndGlobalSection
EndGlobal
